
Microsoft Visual Studio Solution File, Format Version 11.00
# Visual Studio 2010
Project("{F2A71F9B-5D33-465A-A702-920D77279786}") = "RxCop.Rules", "RxCop.Rules\RxCop.Rules.fsproj", "{CC26675D-8D66-42E2-B526-C9FC97A7D298}"
EndProject
Project("{FAE04EC0-301F-11D3-BF4B-00C04F79EFBC}") = "RxCop.Tests", "RxCop.Tests\RxCop.Tests.csproj", "{4386B240-3312-4626-8BC2-C5328509CA77}"
EndProject
Global
	GlobalSection(SolutionConfigurationPlatforms) = preSolution
		Debug|Any CPU = Debug|Any CPU
		Release|Any CPU = Release|Any CPU
	EndGlobalSection
	GlobalSection(ProjectConfigurationPlatforms) = postSolution
		{CC26675D-8D66-42E2-B526-C9FC97A7D298}.Debug|Any CPU.ActiveCfg = Debug|Any CPU
		{CC26675D-8D66-42E2-B526-C9FC97A7D298}.Debug|Any CPU.Build.0 = Debug|Any CPU
		{CC26675D-8D66-42E2-B526-C9FC97A7D298}.Release|Any CPU.ActiveCfg = Release|Any CPU
		{CC26675D-8D66-42E2-B526-C9FC97A7D298}.Release|Any CPU.Build.0 = Release|Any CPU
		{4386B240-3312-4626-8BC2-C5328509CA77}.Debug|Any CPU.ActiveCfg = Debug|Any CPU
		{4386B240-3312-4626-8BC2-C5328509CA77}.Debug|Any CPU.Build.0 = Debug|Any CPU
		{4386B240-3312-4626-8BC2-C5328509CA77}.Release|Any CPU.ActiveCfg = Release|Any CPU
		{4386B240-3312-4626-8BC2-C5328509CA77}.Release|Any CPU.Build.0 = Release|Any CPU
	EndGlobalSection
	GlobalSection(SolutionProperties) = preSolution
		HideSolutionNode = FALSE
	EndGlobalSection
EndGlobal
